
Microsoft Visual Studio Solution File, Format Version 12.00
# Visual Studio Version 16
VisualStudioVersion = 16.0.28621.142
MinimumVisualStudioVersion = 10.0.40219.1
Project("{FAE04EC0-301F-11D3-BF4B-00C04F79EFBC}") = "OpenWasherHardwareLibrary", "OpenWasherHardwareLibrary\OpenWasherHardwareLibrary.csproj", "{A3B97F4C-3D1A-4E87-9CAC-91EA773A9AC6}"
EndProject
Project("{FAE04EC0-301F-11D3-BF4B-00C04F79EFBC}") = "WindowsFormsClient", "WindowsFormsClient\WindowsFormsClient.csproj", "{FFFAF55A-1B95-4BA1-9806-1A8C6EC83119}"
EndProject
Project("{9A19103F-16F7-4668-BE54-9A1E7A4F7556}") = "LocalizationRu", "Localization_Ru-Ru\LocalizationRu.csproj", "{B64DDAAE-77CC-4228-934D-508AA977664B}"
EndProject
Project("{FAE04EC0-301F-11D3-BF4B-00C04F79EFBC}") = "IntelHexParser", "IntelHexParser\IntelHexParser.csproj", "{E15E262F-0FB2-4B14-9DB2-80AB870E1414}"
EndProject
Global
	GlobalSection(SolutionConfigurationPlatforms) = preSolution
		Debug|Any CPU = Debug|Any CPU
		Release|Any CPU = Release|Any CPU
	EndGlobalSection
	GlobalSection(ProjectConfigurationPlatforms) = postSolution
		{A3B97F4C-3D1A-4E87-9CAC-91EA773A9AC6}.Debug|Any CPU.ActiveCfg = Debug|Any CPU
		{A3B97F4C-3D1A-4E87-9CAC-91EA773A9AC6}.Debug|Any CPU.Build.0 = Debug|Any CPU
		{A3B97F4C-3D1A-4E87-9CAC-91EA773A9AC6}.Release|Any CPU.ActiveCfg = Release|Any CPU
		{A3B97F4C-3D1A-4E87-9CAC-91EA773A9AC6}.Release|Any CPU.Build.0 = Release|Any CPU
		{FFFAF55A-1B95-4BA1-9806-1A8C6EC83119}.Debug|Any CPU.ActiveCfg = Debug|Any CPU
		{FFFAF55A-1B95-4BA1-9806-1A8C6EC83119}.Debug|Any CPU.Build.0 = Debug|Any CPU
		{FFFAF55A-1B95-4BA1-9806-1A8C6EC83119}.Release|Any CPU.ActiveCfg = Release|Any CPU
		{FFFAF55A-1B95-4BA1-9806-1A8C6EC83119}.Release|Any CPU.Build.0 = Release|Any CPU
		{B64DDAAE-77CC-4228-934D-508AA977664B}.Debug|Any CPU.ActiveCfg = Debug|Any CPU
		{B64DDAAE-77CC-4228-934D-508AA977664B}.Debug|Any CPU.Build.0 = Debug|Any CPU
		{B64DDAAE-77CC-4228-934D-508AA977664B}.Release|Any CPU.ActiveCfg = Release|Any CPU
		{B64DDAAE-77CC-4228-934D-508AA977664B}.Release|Any CPU.Build.0 = Release|Any CPU
		{E15E262F-0FB2-4B14-9DB2-80AB870E1414}.Debug|Any CPU.ActiveCfg = Debug|Any CPU
		{E15E262F-0FB2-4B14-9DB2-80AB870E1414}.Debug|Any CPU.Build.0 = Debug|Any CPU
		{E15E262F-0FB2-4B14-9DB2-80AB870E1414}.Release|Any CPU.ActiveCfg = Release|Any CPU
		{E15E262F-0FB2-4B14-9DB2-80AB870E1414}.Release|Any CPU.Build.0 = Release|Any CPU
	EndGlobalSection
	GlobalSection(SolutionProperties) = preSolution
		HideSolutionNode = FALSE
	EndGlobalSection
	GlobalSection(ExtensibilityGlobals) = postSolution
		SolutionGuid = {D3C1BB13-9BBF-42DD-9A26-9A3A5D920EE2}
	EndGlobalSection
EndGlobal
